{
  "name": "backend",
  "version": "1.0.0",
  "lockfileVersion": 3,
  "requires": true,
  "packages": {
    "": {
      "name": "backend",
      "dependencies": {
        "bcryptjs": "...",
        "cors": "...",
        "dotenv": "file:...",
        "express": "file:...",
        "jsonwebtoken": "...",
        "mongoose": "...",
        "multer": "..."
      }
    },
    "...": {},
    "node_modules/bcryptjs": {
      "resolved": "...",
      "link": true
    },
    "node_modules/cors": {
      "resolved": "...",
      "link": true
    },
    "node_modules/dotenv": {
      "resolved": "...",
      "link": true
    },
    "node_modules/express": {
      "resolved": "...",
      "link": true
    },
    "node_modules/jsonwebtoken": {
      "resolved": "...",
      "link": true
    },
    "node_modules/mongoose": {
      "resolved": "...",
      "link": true
    },
    "node_modules/multer": {
      "resolved": "...",
      "link": true
    }
  }
}
